// !$*UTF8*$!
{
	archiveVersion = 1;
	classes = {
	};
	objectVersion = 46;
	objects = {

/* Begin PBXBuildFile section */
		3C4E6D641C0292A000CDE1E6 /* AppDelegate.swift in Sources */ = {isa = PBXBuildFile; fileRef = 3C4E6D631C0292A000CDE1E6 /* AppDelegate.swift */; };
		3C4E6D661C0292A000CDE1E6 /* MemeEditViewController.swift in Sources */ = {isa = PBXBuildFile; fileRef = 3C4E6D651C0292A000CDE1E6 /* MemeEditViewController.swift */; };
		3C4E6D691C0292A000CDE1E6 /* Main.storyboard in Resources */ = {isa = PBXBuildFile; fileRef = 3C4E6D671C0292A000CDE1E6 /* Main.storyboard */; settings = {ASSET_TAGS = (); }; };
		3C4E6D6B1C0292A000CDE1E6 /* Assets.xcassets in Resources */ = {isa = PBXBuildFile; fileRef = 3C4E6D6A1C0292A000CDE1E6 /* Assets.xcassets */; };
		3C4E6D6E1C0292A100CDE1E6 /* LaunchScreen.storyboard in Resources */ = {isa = PBXBuildFile; fileRef = 3C4E6D6C1C0292A100CDE1E6 /* LaunchScreen.storyboard */; };
		3C4E6D791C0292A100CDE1E6 /* MemeMeTests.swift in Sources */ = {isa = PBXBuildFile; fileRef = 3C4E6D781C0292A100CDE1E6 /* MemeMeTests.swift */; };
		3C4E6D841C0292A100CDE1E6 /* MemeMeUITests.swift in Sources */ = {isa = PBXBuildFile; fileRef = 3C4E6D831C0292A100CDE1E6 /* MemeMeUITests.swift */; };
		3C4E6D921C02938500CDE1E6 /* Meme.swift in Sources */ = {isa = PBXBuildFile; fileRef = 3C4E6D911C02938500CDE1E6 /* Meme.swift */; settings = {ASSET_TAGS = (); }; };
		3C53D9331C0F3628009A133D /* MemesCollection.swift in Sources */ = {isa = PBXBuildFile; fileRef = 3C53D9321C0F3628009A133D /* MemesCollection.swift */; settings = {ASSET_TAGS = (); }; };
		3C53D93B1C0F5C8A009A133D /* MemeDetailsViewController.swift in Sources */ = {isa = PBXBuildFile; fileRef = 3C53D93A1C0F5C8A009A133D /* MemeDetailsViewController.swift */; settings = {ASSET_TAGS = (); }; };
		3C5DD0DB1C029E07005609D9 /* MemeTableViewController.swift in Sources */ = {isa = PBXBuildFile; fileRef = 3C5DD0DA1C029E07005609D9 /* MemeTableViewController.swift */; settings = {ASSET_TAGS = (); }; };
		3C5DD0DD1C02A3BF005609D9 /* MemeCollectionViewCell.swift in Sources */ = {isa = PBXBuildFile; fileRef = 3C5DD0DC1C02A3BF005609D9 /* MemeCollectionViewCell.swift */; settings = {ASSET_TAGS = (); }; };
		3C5DD0DF1C02A3D5005609D9 /* MemeCollectionViewController.swift in Sources */ = {isa = PBXBuildFile; fileRef = 3C5DD0DE1C02A3D5005609D9 /* MemeCollectionViewController.swift */; settings = {ASSET_TAGS = (); }; };
		3C66E53A1C0BB34F00E12DE4 /* MemeTableViewCell.swift in Sources */ = {isa = PBXBuildFile; fileRef = 3C66E5391C0BB34F00E12DE4 /* MemeTableViewCell.swift */; settings = {ASSET_TAGS = (); }; };
/* End PBXBuildFile section */

/* Begin PBXContainerItemProxy section */
		3C4E6D751C0292A100CDE1E6 /* PBXContainerItemProxy */ = {
			isa = PBXContainerItemProxy;
			containerPortal = 3C4E6D581C0292A000CDE1E6 /* Project object */;
			proxyType = 1;
			remoteGlobalIDString = 3C4E6D5F1C0292A000CDE1E6;
			remoteInfo = MemeMe;
		};
		3C4E6D801C0292A100CDE1E6 /* PBXContainerItemProxy */ = {
			isa = PBXContainerItemProxy;
			containerPortal = 3C4E6D581C0292A000CDE1E6 /* Project object */;
			proxyType = 1;
			remoteGlobalIDString = 3C4E6D5F1C0292A000CDE1E6;
			remoteInfo = MemeMe;
		};
/* End PBXContainerItemProxy section */

/* Begin PBXFileReference section */
		3C4E6D601C0292A000CDE1E6 /* MemeMe.app */ = {isa = PBXFileReference; explicitFileType = wrapper.application; includeInIndex = 0; path = MemeMe.app; sourceTree = BUILT_PRODUCTS_DIR; };
		3C4E6D631C0292A000CDE1E6 /* AppDelegate.swift */ = {isa = PBXFileReference; lastKnownFileType = sourcecode.swift; path = AppDelegate.swift; sourceTree = "<group>"; };
		3C4E6D651C0292A000CDE1E6 /* MemeEditViewController.swift */ = {isa = PBXFileReference; lastKnownFileType = sourcecode.swift; path = MemeEditViewController.swift; sourceTree = "<group>"; };
		3C4E6D681C0292A000CDE1E6 /* Base */ = {isa = PBXFileReference; lastKnownFileType = file.storyboard; name = Base; path = Base.lproj/Main.storyboard; sourceTree = "<group>"; };
		3C4E6D6A1C0292A000CDE1E6 /* Assets.xcassets */ = {isa = PBXFileReference; lastKnownFileType = folder.assetcatalog; path = Assets.xcassets; sourceTree = "<group>"; };
		3C4E6D6D1C0292A100CDE1E6 /* Base */ = {isa = PBXFileReference; lastKnownFileType = file.storyboard; name = Base; path = Base.lproj/LaunchScreen.storyboard; sourceTree = "<group>"; };
		3C4E6D6F1C0292A100CDE1E6 /* Info.plist */ = {isa = PBXFileReference; lastKnownFileType = text.plist.xml; path = Info.plist; sourceTree = "<group>"; };
		3C4E6D741C0292A100CDE1E6 /* MemeMeTests.xctest */ = {isa = PBXFileReference; explicitFileType = wrapper.cfbundle; includeInIndex = 0; path = MemeMeTests.xctest; sourceTree = BUILT_PRODUCTS_DIR; };
		3C4E6D781C0292A100CDE1E6 /* MemeMeTests.swift */ = {isa = PBXFileReference; lastKnownFileType = sourcecode.swift; path = MemeMeTests.swift; sourceTree = "<group>"; };
		3C4E6D7A1C0292A100CDE1E6 /* Info.plist */ = {isa = PBXFileReference; lastKnownFileType = text.plist.xml; path = Info.plist; sourceTree = "<group>"; };
		3C4E6D7F1C0292A100CDE1E6 /* MemeMeUITests.xctest */ = {isa = PBXFileReference; explicitFileType = wrapper.cfbundle; includeInIndex = 0; path = MemeMeUITests.xctest; sourceTree = BUILT_PRODUCTS_DIR; };
		3C4E6D831C0292A100CDE1E6 /* MemeMeUITests.swift */ = {isa = PBXFileReference; lastKnownFileType = sourcecode.swift; path = MemeMeUITests.swift; sourceTree = "<group>"; };
		3C4E6D851C0292A100CDE1E6 /* Info.plist */ = {isa = PBXFileReference; lastKnownFileType = text.plist.xml; path = Info.plist; sourceTree = "<group>"; };
		3C4E6D911C02938500CDE1E6 /* Meme.swift */ = {isa = PBXFileReference; fileEncoding = 4; lastKnownFileType = sourcecode.swift; path = Meme.swift; sourceTree = "<group>"; };
		3C53D9321C0F3628009A133D /* MemesCollection.swift */ = {isa = PBXFileReference; fileEncoding = 4; lastKnownFileType = sourcecode.swift; path = MemesCollection.swift; sourceTree = "<group>"; };
		3C53D93A1C0F5C8A009A133D /* MemeDetailsViewController.swift */ = {isa = PBXFileReference; fileEncoding = 4; lastKnownFileType = sourcecode.swift; path = MemeDetailsViewController.swift; sourceTree = "<group>"; };
		3C5DD0DA1C029E07005609D9 /* MemeTableViewController.swift */ = {isa = PBXFileReference; fileEncoding = 4; lastKnownFileType = sourcecode.swift; path = MemeTableViewController.swift; sourceTree = "<group>"; };
		3C5DD0DC1C02A3BF005609D9 /* MemeCollectionViewCell.swift */ = {isa = PBXFileReference; fileEncoding = 4; lastKnownFileType = sourcecode.swift; path = MemeCollectionViewCell.swift; sourceTree = "<group>"; };
		3C5DD0DE1C02A3D5005609D9 /* MemeCollectionViewController.swift */ = {isa = PBXFileReference; fileEncoding = 4; lastKnownFileType = sourcecode.swift; path = MemeCollectionViewController.swift; sourceTree = "<group>"; };
		3C66E5391C0BB34F00E12DE4 /* MemeTableViewCell.swift */ = {isa = PBXFileReference; fileEncoding = 4; lastKnownFileType = sourcecode.swift; path = MemeTableViewCell.swift; sourceTree = "<group>"; };
/* End PBXFileReference section */

/* Begin PBXFrameworksBuildPhase section */
		3C4E6D5D1C0292A000CDE1E6 /* Frameworks */ = {
			isa = PBXFrameworksBuildPhase;
			buildActionMask = 2147483647;
			files = (
			);
			runOnlyForDeploymentPostprocessing = 0;
		};
		3C4E6D711C0292A100CDE1E6 /* Frameworks */ = {
			isa = PBXFrameworksBuildPhase;
			buildActionMask = 2147483647;
			files = (
			);
			runOnlyForDeploymentPostprocessing = 0;
		};
		3C4E6D7C1C0292A100CDE1E6 /* Frameworks */ = {
			isa = PBXFrameworksBuildPhase;
			buildActionMask = 2147483647;
			files = (
			);
			runOnlyForDeploymentPostprocessing = 0;
		};
/* End PBXFrameworksBuildPhase section */

/* Begin PBXGroup section */
		3C4E6D571C0292A000CDE1E6 = {
			isa = PBXGroup;
			children = (
				3C4E6D621C0292A000CDE1E6 /* MemeMe */,
				3C4E6D771C0292A100CDE1E6 /* MemeMeTests */,
				3C4E6D821C0292A100CDE1E6 /* MemeMeUITests */,
				3C4E6D611C0292A000CDE1E6 /* Products */,
			);
			sourceTree = "<group>";
		};
		3C4E6D611C0292A000CDE1E6 /* Products */ = {
			isa = PBXGroup;
			children = (
				3C4E6D601C0292A000CDE1E6 /* MemeMe.app */,
				3C4E6D741C0292A100CDE1E6 /* MemeMeTests.xctest */,
				3C4E6D7F1C0292A100CDE1E6 /* MemeMeUITests.xctest */,
			);
			name = Products;
			sourceTree = "<group>";
		};
		3C4E6D621C0292A000CDE1E6 /* MemeMe */ = {
			isa = PBXGroup;
			children = (
				3C4E6D911C02938500CDE1E6 /* Meme.swift */,
				3C4E6D631C0292A000CDE1E6 /* AppDelegate.swift */,
				3C4E6D651C0292A000CDE1E6 /* MemeEditViewController.swift */,
				3C4E6D671C0292A000CDE1E6 /* Main.storyboard */,
				3C4E6D6A1C0292A000CDE1E6 /* Assets.xcassets */,
				3C4E6D6C1C0292A100CDE1E6 /* LaunchScreen.storyboard */,
				3C4E6D6F1C0292A100CDE1E6 /* Info.plist */,
				3C5DD0DA1C029E07005609D9 /* MemeTableViewController.swift */,
				3C5DD0DC1C02A3BF005609D9 /* MemeCollectionViewCell.swift */,
				3C5DD0DE1C02A3D5005609D9 /* MemeCollectionViewController.swift */,
				3C66E5391C0BB34F00E12DE4 /* MemeTableViewCell.swift */,
				3C53D9321C0F3628009A133D /* MemesCollection.swift */,
				3C53D93A1C0F5C8A009A133D /* MemeDetailsViewController.swift */,
			);
			path = MemeMe;
			sourceTree = "<group>";
		};
		3C4E6D771C0292A100CDE1E6 /* MemeMeTests */ = {
			isa = PBXGroup;
			children = (
				3C4E6D781C0292A100CDE1E6 /* MemeMeTests.swift */,
				3C4E6D7A1C0292A100CDE1E6 /* Info.plist */,
			);
			path = MemeMeTests;
			sourceTree = "<group>";
		};
		3C4E6D821C0292A100CDE1E6 /* MemeMeUITests */ = {
			isa = PBXGroup;
			children = (
				3C4E6D831C0292A100CDE1E6 /* MemeMeUITests.swift */,
				3C4E6D851C0292A100CDE1E6 /* Info.plist */,
			);
			path = MemeMeUITests;
			sourceTree = "<group>";
		};
/* End PBXGroup section */

/* Begin PBXNativeTarget section */
		3C4E6D5F1C0292A000CDE1E6 /* MemeMe */ = {
			isa = PBXNativeTarget;
			buildConfigurationList = 3C4E6D881C0292A100CDE1E6 /* Build configuration list for PBXNativeTarget "MemeMe" */;
			buildPhases = (
				3C4E6D5C1C0292A000CDE1E6 /* Sources */,
				3C4E6D5D1C0292A000CDE1E6 /* Frameworks */,
				3C4E6D5E1C0292A000CDE1E6 /* Resources */,
			);
			buildRules = (
			);
			dependencies = (
			);
			name = MemeMe;
			productName = MemeMe;
			productReference = 3C4E6D601C0292A000CDE1E6 /* MemeMe.app */;
			productType = "com.apple.product-type.application";
		};
		3C4E6D731C0292A100CDE1E6 /* MemeMeTests */ = {
			isa = PBXNativeTarget;
			buildConfigurationList = 3C4E6D8B1C0292A100CDE1E6 /* Build configuration list for PBXNativeTarget "MemeMeTests" */;
			buildPhases = (
				3C4E6D701C0292A100CDE1E6 /* Sources */,
				3C4E6D711C0292A100CDE1E6 /* Frameworks */,
				3C4E6D721C0292A100CDE1E6 /* Resources */,
			);
			buildRules = (
			);
			dependencies = (
				3C4E6D761C0292A100CDE1E6 /* PBXTargetDependency */,
			);
			name = MemeMeTests;
			productName = MemeMeTests;
			productReference = 3C4E6D741C0292A100CDE1E6 /* MemeMeTests.xctest */;
			productType = "com.apple.product-type.bundle.unit-test";
		};
		3C4E6D7E1C0292A100CDE1E6 /* MemeMeUITests */ = {
			isa = PBXNativeTarget;
			buildConfigurationList = 3C4E6D8E1C0292A100CDE1E6 /* Build configuration list for PBXNativeTarget "MemeMeUITests" */;
			buildPhases = (
				3C4E6D7B1C0292A100CDE1E6 /* Sources */,
				3C4E6D7C1C0292A100CDE1E6 /* Frameworks */,
				3C4E6D7D1C0292A100CDE1E6 /* Resources */,
			);
			buildRules = (
			);
			dependencies = (
				3C4E6D811C0292A100CDE1E6 /* PBXTargetDependency */,
			);
			name = MemeMeUITests;
			productName = MemeMeUITests;
			productReference = 3C4E6D7F1C0292A100CDE1E6 /* MemeMeUITests.xctest */;
			productType = "com.apple.product-type.bundle.ui-testing";
		};
/* End PBXNativeTarget section */

/* Begin PBXProject section */
		3C4E6D581C0292A000CDE1E6 /* Project object */ = {
			isa = PBXProject;
			attributes = {
				KnownAssetTags = (
					MemeDetailsViewController,
				);
				LastUpgradeCheck = 0700;
				ORGANIZATIONNAME = "Paul Salinas";
				TargetAttributes = {
					3C4E6D5F1C0292A000CDE1E6 = {
						CreatedOnToolsVersion = 7.0.1;
					};
					3C4E6D731C0292A100CDE1E6 = {
						CreatedOnToolsVersion = 7.0.1;
						TestTargetID = 3C4E6D5F1C0292A000CDE1E6;
					};
					3C4E6D7E1C0292A100CDE1E6 = {
						CreatedOnToolsVersion = 7.0.1;
						TestTargetID = 3C4E6D5F1C0292A000CDE1E6;
					};
				};
			};
			buildConfigurationList = 3C4E6D5B1C0292A000CDE1E6 /* Build configuration list for PBXProject "MemeMe" */;
			compatibilityVersion = "Xcode 3.2";
			developmentRegion = English;
			hasScannedForEncodings = 0;
			knownRegions = (
				en,
				Base,
			);
			mainGroup = 3C4E6D571C0292A000CDE1E6;
			productRefGroup = 3C4E6D611C0292A000CDE1E6 /* Products */;
			projectDirPath = "";
			projectRoot = "";
			targets = (
				3C4E6D5F1C0292A000CDE1E6 /* MemeMe */,
				3C4E6D731C0292A100CDE1E6 /* MemeMeTests */,
				3C4E6D7E1C0292A100CDE1E6 /* MemeMeUITests */,
			);
		};
/* End PBXProject section */

/* Begin PBXResourcesBuildPhase section */
		3C4E6D5E1C0292A000CDE1E6 /* Resources */ = {
			isa = PBXResourcesBuildPhase;
			buildActionMask = 2147483647;
			files = (
				3C4E6D6E1C0292A100CDE1E6 /* LaunchScreen.storyboard in Resources */,
				3C4E6D6B1C0292A000CDE1E6 /* Assets.xcassets in Resources */,
				3C4E6D691C0292A000CDE1E6 /* Main.storyboard in Resources */,
			);
			runOnlyForDeploymentPostprocessing = 0;
		};
		3C4E6D721C0292A100CDE1E6 /* Resources */ = {
			isa = PBXResourcesBuildPhase;
			buildActionMask = 2147483647;
			files = (
			);
			runOnlyForDeploymentPostprocessing = 0;
		};
		3C4E6D7D1C0292A100CDE1E6 /* Resources */ = {
			isa = PBXResourcesBuildPhase;
			buildActionMask = 2147483647;
			files = (
			);
			runOnlyForDeploymentPostprocessing = 0;
		};
/* End PBXResourcesBuildPhase section */

/* Begin PBXSourcesBuildPhase section */
		3C4E6D5C1C0292A000CDE1E6 /* Sources */ = {
			isa = PBXSourcesBuildPhase;
			buildActionMask = 2147483647;
			files = (
				3C5DD0DD1C02A3BF005609D9 /* MemeCollectionViewCell.swift in Sources */,
				3C4E6D921C02938500CDE1E6 /* Meme.swift in Sources */,
				3C4E6D661C0292A000CDE1E6 /* MemeEditViewController.swift in Sources */,
				3C4E6D641C0292A000CDE1E6 /* AppDelegate.swift in Sources */,
				3C53D93B1C0F5C8A009A133D /* MemeDetailsViewController.swift in Sources */,
				3C53D9331C0F3628009A133D /* MemesCollection.swift in Sources */,
				3C5DD0DF1C02A3D5005609D9 /* MemeCollectionViewController.swift in Sources */,
				3C66E53A1C0BB34F00E12DE4 /* MemeTableViewCell.swift in Sources */,
				3C5DD0DB1C029E07005609D9 /* MemeTableViewController.swift in Sources */,
			);
			runOnlyForDeploymentPostprocessing = 0;
		};
		3C4E6D701C0292A100CDE1E6 /* Sources */ = {
			isa = PBXSourcesBuildPhase;
			buildActionMask = 2147483647;
			files = (
				3C4E6D791C0292A100CDE1E6 /* MemeMeTests.swift in Sources */,
			);
			runOnlyForDeploymentPostprocessing = 0;
		};
		3C4E6D7B1C0292A100CDE1E6 /* Sources */ = {
			isa = PBXSourcesBuildPhase;
			buildActionMask = 2147483647;
			files = (
				3C4E6D841C0292A100CDE1E6 /* MemeMeUITests.swift in Sources */,
			);
			runOnlyForDeploymentPostprocessing = 0;
		};
/* End PBXSourcesBuildPhase section */

/* Begin PBXTargetDependency section */
		3C4E6D761C0292A100CDE1E6 /* PBXTargetDependency */ = {
			isa = PBXTargetDependency;
			target = 3C4E6D5F1C0292A000CDE1E6 /* MemeMe */;
			targetProxy = 3C4E6D751C0292A100CDE1E6 /* PBXContainerItemProxy */;
		};
		3C4E6D811C0292A100CDE1E6 /* PBXTargetDependency */ = {
			isa = PBXTargetDependency;
			target = 3C4E6D5F1C0292A000CDE1E6 /* MemeMe */;
			targetProxy = 3C4E6D801C0292A100CDE1E6 /* PBXContainerItemProxy */;
		};
/* End PBXTargetDependency section */

/* Begin PBXVariantGroup section */
		3C4E6D671C0292A000CDE1E6 /* Main.storyboard */ = {
			isa = PBXVariantGroup;
			children = (
				3C4E6D681C0292A000CDE1E6 /* Base */,
			);
			name = Main.storyboard;
			sourceTree = "<group>";
		};
		3C4E6D6C1C0292A100CDE1E6 /* LaunchScreen.storyboard */ = {
			isa = PBXVariantGroup;
			children = (
				3C4E6D6D1C0292A100CDE1E6 /* Base */,
			);
			name = LaunchScreen.storyboard;
			sourceTree = "<group>";
		};
/* End PBXVariantGroup section */

/* Begin XCBuildConfiguration section */
		3C4E6D861C0292A100CDE1E6 /* Debug */ = {
			isa = XCBuildConfiguration;
			buildSettings = {
				ALWAYS_SEARCH_USER_PATHS = NO;
				CLANG_CXX_LANGUAGE_STANDARD = "gnu++0x";
				CLANG_CXX_LIBRARY = "libc++";
				CLANG_ENABLE_MODULES = YES;
				CLANG_ENABLE_OBJC_ARC = YES;
				CLANG_WARN_BOOL_CONVERSION = YES;
				CLANG_WARN_CONSTANT_CONVERSION = YES;
				CLANG_WARN_DIRECT_OBJC_ISA_USAGE = YES_ERROR;
				CLANG_WARN_EMPTY_BODY = YES;
				CLANG_WARN_ENUM_CONVERSION = YES;
				CLANG_WARN_INT_CONVERSION = YES;
				CLANG_WARN_OBJC_ROOT_CLASS = YES_ERROR;
				CLANG_WARN_UNREACHABLE_CODE = YES;
				CLANG_WARN__DUPLICATE_METHOD_MATCH = YES;
				"CODE_SIGN_IDENTITY[sdk=iphoneos*]" = "iPhone Developer";
				COPY_PHASE_STRIP = NO;
				DEBUG_INFORMATION_FORMAT = dwarf;
				ENABLE_STRICT_OBJC_MSGSEND = YES;
				ENABLE_TESTABILITY = YES;
				GCC_C_LANGUAGE_STANDARD = gnu99;
				GCC_DYNAMIC_NO_PIC = NO;
				GCC_NO_COMMON_BLOCKS = YES;
				GCC_OPTIMIZATION_LEVEL = 0;
				GCC_PREPROCESSOR_DEFINITIONS = (
					"DEBUG=1",
					"$(inherited)",
				);
				GCC_WARN_64_TO_32_BIT_CONVERSION = YES;
				GCC_WARN_ABOUT_RETURN_TYPE = YES_ERROR;
				GCC_WARN_UNDECLARED_SELECTOR = YES;
				GCC_WARN_UNINITIALIZED_AUTOS = YES_AGGRESSIVE;
				GCC_WARN_UNUSED_FUNCTION = YES;
				GCC_WARN_UNUSED_VARIABLE = YES;
				IPHONEOS_DEPLOYMENT_TARGET = 9.0;
				MTL_ENABLE_DEBUG_INFO = YES;
				ONLY_ACTIVE_ARCH = YES;
				SDKROOT = iphoneos;
				SWIFT_OPTIMIZATION_LEVEL = "-Onone";
			};
			name = Debug;
		};
		3C4E6D871C0292A100CDE1E6 /* Release */ = {
			isa = XCBuildConfiguration;
			buildSettings = {
				ALWAYS_SEARCH_USER_PATHS = NO;
				CLANG_CXX_LANGUAGE_STANDARD = "gnu++0x";
				CLANG_CXX_LIBRARY = "libc++";
				CLANG_ENABLE_MODULES = YES;
				CLANG_ENABLE_OBJC_ARC = YES;
				CLANG_WARN_BOOL_CONVERSION = YES;
				CLANG_WARN_CONSTANT_CONVERSION = YES;
				CLANG_WARN_DIRECT_OBJC_ISA_USAGE = YES_ERROR;
				CLANG_WARN_EMPTY_BODY = YES;
				CLANG_WARN_ENUM_CONVERSION = YES;
				CLANG_WARN_INT_CONVERSION = YES;
				CLANG_WARN_OBJC_ROOT_CLASS = YES_ERROR;
				CLANG_WARN_UNREACHABLE_CODE = YES;
				CLANG_WARN__DUPLICATE_METHOD_MATCH = YES;
				"CODE_SIGN_IDENTITY[sdk=iphoneos*]" = "iPhone Developer";
				COPY_PHASE_STRIP = NO;
				DEBUG_INFORMATION_FORMAT = "dwarf-with-dsym";
				ENABLE_NS_ASSERTIONS = NO;
				ENABLE_STRICT_OBJC_MSGSEND = YES;
				GCC_C_LANGUAGE_STANDARD = gnu99;
				GCC_NO_COMMON_BLOCKS = YES;
				GCC_WARN_64_TO_32_BIT_CONVERSION = YES;
				GCC_WARN_ABOUT_RETURN_TYPE = YES_ERROR;
				GCC_WARN_UNDECLARED_SELECTOR = YES;
				GCC_WARN_UNINITIALIZED_AUTOS = YES_AGGRESSIVE;
				GCC_WARN_UNUSED_FUNCTION = YES;
				GCC_WARN_UNUSED_VARIABLE = YES;
				IPHONEOS_DEPLOYMENT_TARGET = 9.0;
				MTL_ENABLE_DEBUG_INFO = NO;
				SDKROOT = iphoneos;
				VALIDATE_PRODUCT = YES;
			};
			name = Release;
		};
		3C4E6D891C0292A100CDE1E6 /* Debug */ = {
			isa = XCBuildConfiguration;
			buildSettings = {
				ASSETCATALOG_COMPILER_APPICON_NAME = AppIcon;
				INFOPLIST_FILE = MemeMe/Info.plist;
				LD_RUNPATH_SEARCH_PATHS = "$(inherited) @executable_path/Frameworks";
				PRODUCT_BUNDLE_IDENTIFIER = com.udacity.MemeMe;
				PRODUCT_NAME = "$(TARGET_NAME)";
			};
			name = Debug;
		};
		3C4E6D8A1C0292A100CDE1E6 /* Release */ = {
			isa = XCBuildConfiguration;
			buildSettings = {
				ASSETCATALOG_COMPILER_APPICON_NAME = AppIcon;
				INFOPLIST_FILE = MemeMe/Info.plist;
				LD_RUNPATH_SEARCH_PATHS = "$(inherited) @executable_path/Frameworks";
				PRODUCT_BUNDLE_IDENTIFIER = com.udacity.MemeMe;
				PRODUCT_NAME = "$(TARGET_NAME)";
			};
			name = Release;
		};
		3C4E6D8C1C0292A100CDE1E6 /* Debug */ = {
			isa = XCBuildConfiguration;
			buildSettings = {
				BUNDLE_LOADER = "$(TEST_HOST)";
				INFOPLIST_FILE = MemeMeTests/Info.plist;
				LD_RUNPATH_SEARCH_PATHS = "$(inherited) @executable_path/Frameworks @loader_path/Frameworks";
				PRODUCT_BUNDLE_IDENTIFIER = com.udacity.MemeMeTests;
				PRODUCT_NAME = "$(TARGET_NAME)";
				TEST_HOST = "$(BUILT_PRODUCTS_DIR)/MemeMe.app/MemeMe";
			};
			name = Debug;
		};
		3C4E6D8D1C0292A100CDE1E6 /* Release */ = {
			isa = XCBuildConfiguration;
			buildSettings = {
				BUNDLE_LOADER = "$(TEST_HOST)";
				INFOPLIST_FILE = MemeMeTests/Info.plist;
				LD_RUNPATH_SEARCH_PATHS = "$(inherited) @executable_path/Frameworks @loader_path/Frameworks";
				PRODUCT_BUNDLE_IDENTIFIER = com.udacity.MemeMeTests;
				PRODUCT_NAME = "$(TARGET_NAME)";
				TEST_HOST = "$(BUILT_PRODUCTS_DIR)/MemeMe.app/MemeMe";
			};
			name = Release;
		};
		3C4E6D8F1C0292A100CDE1E6 /* Debug */ = {
			isa = XCBuildConfiguration;
			buildSettings = {
				INFOPLIST_FILE = MemeMeUITests/Info.plist;
				LD_RUNPATH_SEARCH_PATHS = "$(inherited) @executable_path/Frameworks @loader_path/Frameworks";
				PRODUCT_BUNDLE_IDENTIFIER = com.udacity.MemeMeUITests;
				PRODUCT_NAME = "$(TARGET_NAME)";
				TEST_TARGET_NAME = MemeMe;
				USES_XCTRUNNER = YES;
			};
			name = Debug;
		};
		3C4E6D901C0292A100CDE1E6 /* Release */ = {
			isa = XCBuildConfiguration;
			buildSettings = {
				INFOPLIST_FILE = MemeMeUITests/Info.plist;
				LD_RUNPATH_SEARCH_PATHS = "$(inherited) @executable_path/Frameworks @loader_path/Frameworks";
				PRODUCT_BUNDLE_IDENTIFIER = com.udacity.MemeMeUITests;
				PRODUCT_NAME = "$(TARGET_NAME)";
				TEST_TARGET_NAME = MemeMe;
				USES_XCTRUNNER = YES;
			};
			name = Release;
		};
/* End XCBuildConfiguration section */

/* Begin XCConfigurationList section */
		3C4E6D5B1C0292A000CDE1E6 /* Build configuration list for PBXProject "MemeMe" */ = {
			isa = XCConfigurationList;
			buildConfigurations = (
				3C4E6D861C0292A100CDE1E6 /* Debug */,
				3C4E6D871C0292A100CDE1E6 /* Release */,
			);
			defaultConfigurationIsVisible = 0;
			defaultConfigurationName = Release;
		};
		3C4E6D881C0292A100CDE1E6 /* Build configuration list for PBXNativeTarget "MemeMe" */ = {
			isa = XCConfigurationList;
			buildConfigurations = (
				3C4E6D891C0292A100CDE1E6 /* Debug */,
				3C4E6D8A1C0292A100CDE1E6 /* Release */,
			);
			defaultConfigurationIsVisible = 0;
			defaultConfigurationName = Release;
		};
		3C4E6D8B1C0292A100CDE1E6 /* Build configuration list for PBXNativeTarget "MemeMeTests" */ = {
			isa = XCConfigurationList;
			buildConfigurations = (
				3C4E6D8C1C0292A100CDE1E6 /* Debug */,
				3C4E6D8D1C0292A100CDE1E6 /* Release */,
			);
			defaultConfigurationIsVisible = 0;
			defaultConfigurationName = Release;
		};
		3C4E6D8E1C0292A100CDE1E6 /* Build configuration list for PBXNativeTarget "MemeMeUITests" */ = {
			isa = XCConfigurationList;
			buildConfigurations = (
				3C4E6D8F1C0292A100CDE1E6 /* Debug */,
				3C4E6D901C0292A100CDE1E6 /* Release */,
			);
			defaultConfigurationIsVisible = 0;
			defaultConfigurationName = Release;
		};
/* End XCConfigurationList section */
	};
	rootObject = 3C4E6D581C0292A000CDE1E6 /* Project object */;
}
